
Microsoft Visual Studio Solution File, Format Version 12.00
# Visual Studio Version 16
VisualStudioVersion = 16.0.30621.155
MinimumVisualStudioVersion = 10.0.40219.1
Project("{FAE04EC0-301F-11D3-BF4B-00C04F79EFBC}") = "Controller", "Controller\Controller.csproj", "{5D3AFBDB-ECAF-4662-A74A-97A2088D1C42}"
EndProject
Project("{FAE04EC0-301F-11D3-BF4B-00C04F79EFBC}") = "DataAcess", "Datta\DataAcess.csproj", "{4B939C8A-D4B2-47B7-AC94-7062F1A1F158}"
EndProject
Project("{FAE04EC0-301F-11D3-BF4B-00C04F79EFBC}") = "Service", "Service\Service.csproj", "{F40F6DDF-DCC6-4CB2-8528-201D5548B7B5}"
EndProject
Global
	GlobalSection(SolutionConfigurationPlatforms) = preSolution
		Debug|Any CPU = Debug|Any CPU
		Release|Any CPU = Release|Any CPU
	EndGlobalSection
	GlobalSection(ProjectConfigurationPlatforms) = postSolution
		{5D3AFBDB-ECAF-4662-A74A-97A2088D1C42}.Debug|Any CPU.ActiveCfg = Debug|Any CPU
		{5D3AFBDB-ECAF-4662-A74A-97A2088D1C42}.Debug|Any CPU.Build.0 = Debug|Any CPU
		{5D3AFBDB-ECAF-4662-A74A-97A2088D1C42}.Release|Any CPU.ActiveCfg = Release|Any CPU
		{5D3AFBDB-ECAF-4662-A74A-97A2088D1C42}.Release|Any CPU.Build.0 = Release|Any CPU
		{4B939C8A-D4B2-47B7-AC94-7062F1A1F158}.Debug|Any CPU.ActiveCfg = Debug|Any CPU
		{4B939C8A-D4B2-47B7-AC94-7062F1A1F158}.Debug|Any CPU.Build.0 = Debug|Any CPU
		{4B939C8A-D4B2-47B7-AC94-7062F1A1F158}.Release|Any CPU.ActiveCfg = Release|Any CPU
		{4B939C8A-D4B2-47B7-AC94-7062F1A1F158}.Release|Any CPU.Build.0 = Release|Any CPU
		{F40F6DDF-DCC6-4CB2-8528-201D5548B7B5}.Debug|Any CPU.ActiveCfg = Debug|Any CPU
		{F40F6DDF-DCC6-4CB2-8528-201D5548B7B5}.Debug|Any CPU.Build.0 = Debug|Any CPU
		{F40F6DDF-DCC6-4CB2-8528-201D5548B7B5}.Release|Any CPU.ActiveCfg = Release|Any CPU
		{F40F6DDF-DCC6-4CB2-8528-201D5548B7B5}.Release|Any CPU.Build.0 = Release|Any CPU
	EndGlobalSection
	GlobalSection(SolutionProperties) = preSolution
		HideSolutionNode = FALSE
	EndGlobalSection
	GlobalSection(ExtensibilityGlobals) = postSolution
		SolutionGuid = {65ED6B3A-498C-4C2D-82BC-08DF6E26E5AC}
	EndGlobalSection
EndGlobal
